
Microsoft Visual Studio Solution File, Format Version 12.00
# Visual Studio Version 17
VisualStudioVersion = 17.3.32922.545
MinimumVisualStudioVersion = 10.0.40219.1
Project("{FAE04EC0-301F-11D3-BF4B-00C04F79EFBC}") = "HRSystem", "HRSystem\HRSystem.csproj", "{0E1A9F5A-3242-4AB5-BEDF-512FA5E05A62}"
EndProject
Global
	GlobalSection(SolutionConfigurationPlatforms) = preSolution
		Debug|Any CPU = Debug|Any CPU
		Release|Any CPU = Release|Any CPU
	EndGlobalSection
	GlobalSection(ProjectConfigurationPlatforms) = postSolution
		{0E1A9F5A-3242-4AB5-BEDF-512FA5E05A62}.Debug|Any CPU.ActiveCfg = Debug|Any CPU
		{0E1A9F5A-3242-4AB5-BEDF-512FA5E05A62}.Debug|Any CPU.Build.0 = Debug|Any CPU
		{0E1A9F5A-3242-4AB5-BEDF-512FA5E05A62}.Release|Any CPU.ActiveCfg = Release|Any CPU
		{0E1A9F5A-3242-4AB5-BEDF-512FA5E05A62}.Release|Any CPU.Build.0 = Release|Any CPU
	EndGlobalSection
	GlobalSection(SolutionProperties) = preSolution
		HideSolutionNode = FALSE
	EndGlobalSection
	GlobalSection(ExtensibilityGlobals) = postSolution
		SolutionGuid = {2D12BC03-1F97-4800-BD4C-5B7D73D85325}
	EndGlobalSection
EndGlobal
